// !$*UTF8*$!
{
	archiveVersion = 1;
	classes = {
	};
	objectVersion = 46;
	objects = {

/* Begin PBXBuildFile section */
		1BE586681962ACBA00B2F910 /* Foundation.framework in Frameworks */ = {isa = PBXBuildFile; fileRef = 1BE586671962ACBA00B2F910 /* Foundation.framework */; };
		1BE5866A1962ACBA00B2F910 /* CoreGraphics.framework in Frameworks */ = {isa = PBXBuildFile; fileRef = 1BE586691962ACBA00B2F910 /* CoreGraphics.framework */; };
		1BE5866C1962ACBA00B2F910 /* UIKit.framework in Frameworks */ = {isa = PBXBuildFile; fileRef = 1BE5866B1962ACBA00B2F910 /* UIKit.framework */; };
		1BE586721962ACBA00B2F910 /* InfoPlist.strings in Resources */ = {isa = PBXBuildFile; fileRef = 1BE586701962ACBA00B2F910 /* InfoPlist.strings */; };
		1BE586741962ACBA00B2F910 /* main.m in Sources */ = {isa = PBXBuildFile; fileRef = 1BE586731962ACBA00B2F910 /* main.m */; };
		1BE586781962ACBA00B2F910 /* WLJAppDelegate.m in Sources */ = {isa = PBXBuildFile; fileRef = 1BE586771962ACBA00B2F910 /* WLJAppDelegate.m */; };
		1BE5867A1962ACBA00B2F910 /* Images.xcassets in Resources */ = {isa = PBXBuildFile; fileRef = 1BE586791962ACBA00B2F910 /* Images.xcassets */; };
		1BE586811962ACBA00B2F910 /* XCTest.framework in Frameworks */ = {isa = PBXBuildFile; fileRef = 1BE586801962ACBA00B2F910 /* XCTest.framework */; };
		1BE586821962ACBA00B2F910 /* Foundation.framework in Frameworks */ = {isa = PBXBuildFile; fileRef = 1BE586671962ACBA00B2F910 /* Foundation.framework */; };
		1BE586831962ACBA00B2F910 /* UIKit.framework in Frameworks */ = {isa = PBXBuildFile; fileRef = 1BE5866B1962ACBA00B2F910 /* UIKit.framework */; };
		1BE5868B1962ACBA00B2F910 /* InfoPlist.strings in Resources */ = {isa = PBXBuildFile; fileRef = 1BE586891962ACBA00B2F910 /* InfoPlist.strings */; };
		1BE5868D1962ACBA00B2F910 /* SimpleTableTests.m in Sources */ = {isa = PBXBuildFile; fileRef = 1BE5868C1962ACBA00B2F910 /* SimpleTableTests.m */; };
		1BE586971962ACDE00B2F910 /* SimpleTable.xib in Resources */ = {isa = PBXBuildFile; fileRef = 1BE586961962ACDE00B2F910 /* SimpleTable.xib */; };
		1BE5869A1962AD9900B2F910 /* WLJViewController.m in Sources */ = {isa = PBXBuildFile; fileRef = 1BE586991962AD9900B2F910 /* WLJViewController.m */; };
		1BE5869C1962B25C00B2F910 /* icon01.jpg in Resources */ = {isa = PBXBuildFile; fileRef = 1BE5869B1962B25C00B2F910 /* icon01.jpg */; };
/* End PBXBuildFile section */

/* Begin PBXContainerItemProxy section */
		1BE586841962ACBA00B2F910 /* PBXContainerItemProxy */ = {
			isa = PBXContainerItemProxy;
			containerPortal = 1BE5865C1962ACBA00B2F910 /* Project object */;
			proxyType = 1;
			remoteGlobalIDString = 1BE586631962ACBA00B2F910;
			remoteInfo = SimpleTable;
		};
/* End PBXContainerItemProxy section */

/* Begin PBXFileReference section */
		1BE586641962ACBA00B2F910 /* SimpleTable.app */ = {isa = PBXFileReference; explicitFileType = wrapper.application; includeInIndex = 0; path = SimpleTable.app; sourceTree = BUILT_PRODUCTS_DIR; };
		1BE586671962ACBA00B2F910 /* Foundation.framework */ = {isa = PBXFileReference; lastKnownFileType = wrapper.framework; name = Foundation.framework; path = System/Library/Frameworks/Foundation.framework; sourceTree = SDKROOT; };
		1BE586691962ACBA00B2F910 /* CoreGraphics.framework */ = {isa = PBXFileReference; lastKnownFileType = wrapper.framework; name = CoreGraphics.framework; path = System/Library/Frameworks/CoreGraphics.framework; sourceTree = SDKROOT; };
		1BE5866B1962ACBA00B2F910 /* UIKit.framework */ = {isa = PBXFileReference; lastKnownFileType = wrapper.framework; name = UIKit.framework; path = System/Library/Frameworks/UIKit.framework; sourceTree = SDKROOT; };
		1BE5866F1962ACBA00B2F910 /* SimpleTable-Info.plist */ = {isa = PBXFileReference; lastKnownFileType = text.plist.xml; path = "SimpleTable-Info.plist"; sourceTree = "<group>"; };
		1BE586711962ACBA00B2F910 /* en */ = {isa = PBXFileReference; lastKnownFileType = text.plist.strings; name = en; path = en.lproj/InfoPlist.strings; sourceTree = "<group>"; };
		1BE586731962ACBA00B2F910 /* main.m */ = {isa = PBXFileReference; lastKnownFileType = sourcecode.c.objc; path = main.m; sourceTree = "<group>"; };
		1BE586751962ACBA00B2F910 /* SimpleTable-Prefix.pch */ = {isa = PBXFileReference; lastKnownFileType = sourcecode.c.h; path = "SimpleTable-Prefix.pch"; sourceTree = "<group>"; };
		1BE586761962ACBA00B2F910 /* WLJAppDelegate.h */ = {isa = PBXFileReference; lastKnownFileType = sourcecode.c.h; path = WLJAppDelegate.h; sourceTree = "<group>"; };
		1BE586771962ACBA00B2F910 /* WLJAppDelegate.m */ = {isa = PBXFileReference; lastKnownFileType = sourcecode.c.objc; path = WLJAppDelegate.m; sourceTree = "<group>"; };
		1BE586791962ACBA00B2F910 /* Images.xcassets */ = {isa = PBXFileReference; lastKnownFileType = folder.assetcatalog; path = Images.xcassets; sourceTree = "<group>"; };
		1BE5867F1962ACBA00B2F910 /* SimpleTableTests.xctest */ = {isa = PBXFileReference; explicitFileType = wrapper.cfbundle; includeInIndex = 0; path = SimpleTableTests.xctest; sourceTree = BUILT_PRODUCTS_DIR; };
		1BE586801962ACBA00B2F910 /* XCTest.framework */ = {isa = PBXFileReference; lastKnownFileType = wrapper.framework; name = XCTest.framework; path = Library/Frameworks/XCTest.framework; sourceTree = DEVELOPER_DIR; };
		1BE586881962ACBA00B2F910 /* SimpleTableTests-Info.plist */ = {isa = PBXFileReference; lastKnownFileType = text.plist.xml; path = "SimpleTableTests-Info.plist"; sourceTree = "<group>"; };
		1BE5868A1962ACBA00B2F910 /* en */ = {isa = PBXFileReference; lastKnownFileType = text.plist.strings; name = en; path = en.lproj/InfoPlist.strings; sourceTree = "<group>"; };
		1BE5868C1962ACBA00B2F910 /* SimpleTableTests.m */ = {isa = PBXFileReference; lastKnownFileType = sourcecode.c.objc; path = SimpleTableTests.m; sourceTree = "<group>"; };
		1BE586961962ACDE00B2F910 /* SimpleTable.xib */ = {isa = PBXFileReference; fileEncoding = 4; lastKnownFileType = file.xib; path = SimpleTable.xib; sourceTree = "<group>"; };
		1BE586981962AD9900B2F910 /* WLJViewController.h */ = {isa = PBXFileReference; fileEncoding = 4; lastKnownFileType = sourcecode.c.h; path = WLJViewController.h; sourceTree = "<group>"; };
		1BE586991962AD9900B2F910 /* WLJViewController.m */ = {isa = PBXFileReference; fileEncoding = 4; lastKnownFileType = sourcecode.c.objc; path = WLJViewController.m; sourceTree = "<group>"; };
		1BE5869B1962B25C00B2F910 /* icon01.jpg */ = {isa = PBXFileReference; lastKnownFileType = image.jpeg; path = icon01.jpg; sourceTree = "<group>"; };
/* End PBXFileReference section */

/* Begin PBXFrameworksBuildPhase section */
		1BE586611962ACBA00B2F910 /* Frameworks */ = {
			isa = PBXFrameworksBuildPhase;
			buildActionMask = 2147483647;
			files = (
				1BE5866A1962ACBA00B2F910 /* CoreGraphics.framework in Frameworks */,
				1BE5866C1962ACBA00B2F910 /* UIKit.framework in Frameworks */,
				1BE586681962ACBA00B2F910 /* Foundation.framework in Frameworks */,
			);
			runOnlyForDeploymentPostprocessing = 0;
		};
		1BE5867C1962ACBA00B2F910 /* Frameworks */ = {
			isa = PBXFrameworksBuildPhase;
			buildActionMask = 2147483647;
			files = (
				1BE586811962ACBA00B2F910 /* XCTest.framework in Frameworks */,
				1BE586831962ACBA00B2F910 /* UIKit.framework in Frameworks */,
				1BE586821962ACBA00B2F910 /* Foundation.framework in Frameworks */,
			);
			runOnlyForDeploymentPostprocessing = 0;
		};
/* End PBXFrameworksBuildPhase section */

/* Begin PBXGroup section */
		1BE5865B1962ACBA00B2F910 = {
			isa = PBXGroup;
			children = (
				1BE5866D1962ACBA00B2F910 /* SimpleTable */,
				1BE586861962ACBA00B2F910 /* SimpleTableTests */,
				1BE586661962ACBA00B2F910 /* Frameworks */,
				1BE586651962ACBA00B2F910 /* Products */,
			);
			sourceTree = "<group>";
		};
		1BE586651962ACBA00B2F910 /* Products */ = {
			isa = PBXGroup;
			children = (
				1BE586641962ACBA00B2F910 /* SimpleTable.app */,
				1BE5867F1962ACBA00B2F910 /* SimpleTableTests.xctest */,
			);
			name = Products;
			sourceTree = "<group>";
		};
		1BE586661962ACBA00B2F910 /* Frameworks */ = {
			isa = PBXGroup;
			children = (
				1BE586671962ACBA00B2F910 /* Foundation.framework */,
				1BE586691962ACBA00B2F910 /* CoreGraphics.framework */,
				1BE5866B1962ACBA00B2F910 /* UIKit.framework */,
				1BE586801962ACBA00B2F910 /* XCTest.framework */,
			);
			name = Frameworks;
			sourceTree = "<group>";
		};
		1BE5866D1962ACBA00B2F910 /* SimpleTable */ = {
			isa = PBXGroup;
			children = (
				1BE5869B1962B25C00B2F910 /* icon01.jpg */,
				1BE586761962ACBA00B2F910 /* WLJAppDelegate.h */,
				1BE586771962ACBA00B2F910 /* WLJAppDelegate.m */,
				1BE586791962ACBA00B2F910 /* Images.xcassets */,
				1BE5866E1962ACBA00B2F910 /* Supporting Files */,
				1BE586961962ACDE00B2F910 /* SimpleTable.xib */,
				1BE586981962AD9900B2F910 /* WLJViewController.h */,
				1BE586991962AD9900B2F910 /* WLJViewController.m */,
			);
			path = SimpleTable;
			sourceTree = "<group>";
		};
		1BE5866E1962ACBA00B2F910 /* Supporting Files */ = {
			isa = PBXGroup;
			children = (
				1BE5866F1962ACBA00B2F910 /* SimpleTable-Info.plist */,
				1BE586701962ACBA00B2F910 /* InfoPlist.strings */,
				1BE586731962ACBA00B2F910 /* main.m */,
				1BE586751962ACBA00B2F910 /* SimpleTable-Prefix.pch */,
			);
			name = "Supporting Files";
			sourceTree = "<group>";
		};
		1BE586861962ACBA00B2F910 /* SimpleTableTests */ = {
			isa = PBXGroup;
			children = (
				1BE5868C1962ACBA00B2F910 /* SimpleTableTests.m */,
				1BE586871962ACBA00B2F910 /* Supporting Files */,
			);
			path = SimpleTableTests;
			sourceTree = "<group>";
		};
		1BE586871962ACBA00B2F910 /* Supporting Files */ = {
			isa = PBXGroup;
			children = (
				1BE586881962ACBA00B2F910 /* SimpleTableTests-Info.plist */,
				1BE586891962ACBA00B2F910 /* InfoPlist.strings */,
			);
			name = "Supporting Files";
			sourceTree = "<group>";
		};
/* End PBXGroup section */

/* Begin PBXNativeTarget section */
		1BE586631962ACBA00B2F910 /* SimpleTable */ = {
			isa = PBXNativeTarget;
			buildConfigurationList = 1BE586901962ACBA00B2F910 /* Build configuration list for PBXNativeTarget "SimpleTable" */;
			buildPhases = (
				1BE586601962ACBA00B2F910 /* Sources */,
				1BE586611962ACBA00B2F910 /* Frameworks */,
				1BE586621962ACBA00B2F910 /* Resources */,
			);
			buildRules = (
			);
			dependencies = (
			);
			name = SimpleTable;
			productName = SimpleTable;
			productReference = 1BE586641962ACBA00B2F910 /* SimpleTable.app */;
			productType = "com.apple.product-type.application";
		};
		1BE5867E1962ACBA00B2F910 /* SimpleTableTests */ = {
			isa = PBXNativeTarget;
			buildConfigurationList = 1BE586931962ACBA00B2F910 /* Build configuration list for PBXNativeTarget "SimpleTableTests" */;
			buildPhases = (
				1BE5867B1962ACBA00B2F910 /* Sources */,
				1BE5867C1962ACBA00B2F910 /* Frameworks */,
				1BE5867D1962ACBA00B2F910 /* Resources */,
			);
			buildRules = (
			);
			dependencies = (
				1BE586851962ACBA00B2F910 /* PBXTargetDependency */,
			);
			name = SimpleTableTests;
			productName = SimpleTableTests;
			productReference = 1BE5867F1962ACBA00B2F910 /* SimpleTableTests.xctest */;
			productType = "com.apple.product-type.bundle.unit-test";
		};
/* End PBXNativeTarget section */

/* Begin PBXProject section */
		1BE5865C1962ACBA00B2F910 /* Project object */ = {
			isa = PBXProject;
			attributes = {
				CLASSPREFIX = WLJ;
				LastUpgradeCheck = 0510;
				ORGANIZATIONNAME = "___FULLUSERNAME___";
				TargetAttributes = {
					1BE5867E1962ACBA00B2F910 = {
						TestTargetID = 1BE586631962ACBA00B2F910;
					};
				};
			};
			buildConfigurationList = 1BE5865F1962ACBA00B2F910 /* Build configuration list for PBXProject "SimpleTable" */;
			compatibilityVersion = "Xcode 3.2";
			developmentRegion = English;
			hasScannedForEncodings = 0;
			knownRegions = (
				en,
			);
			mainGroup = 1BE5865B1962ACBA00B2F910;
			productRefGroup = 1BE586651962ACBA00B2F910 /* Products */;
			projectDirPath = "";
			projectRoot = "";
			targets = (
				1BE586631962ACBA00B2F910 /* SimpleTable */,
				1BE5867E1962ACBA00B2F910 /* SimpleTableTests */,
			);
		};
/* End PBXProject section */

/* Begin PBXResourcesBuildPhase section */
		1BE586621962ACBA00B2F910 /* Resources */ = {
			isa = PBXResourcesBuildPhase;
			buildActionMask = 2147483647;
			files = (
				1BE586721962ACBA00B2F910 /* InfoPlist.strings in Resources */,
				1BE5867A1962ACBA00B2F910 /* Images.xcassets in Resources */,
				1BE586971962ACDE00B2F910 /* SimpleTable.xib in Resources */,
				1BE5869C1962B25C00B2F910 /* icon01.jpg in Resources */,
			);
			runOnlyForDeploymentPostprocessing = 0;
		};
		1BE5867D1962ACBA00B2F910 /* Resources */ = {
			isa = PBXResourcesBuildPhase;
			buildActionMask = 2147483647;
			files = (
				1BE5868B1962ACBA00B2F910 /* InfoPlist.strings in Resources */,
			);
			runOnlyForDeploymentPostprocessing = 0;
		};
/* End PBXResourcesBuildPhase section */

/* Begin PBXSourcesBuildPhase section */
		1BE586601962ACBA00B2F910 /* Sources */ = {
			isa = PBXSourcesBuildPhase;
			buildActionMask = 2147483647;
			files = (
				1BE586781962ACBA00B2F910 /* WLJAppDelegate.m in Sources */,
				1BE5869A1962AD9900B2F910 /* WLJViewController.m in Sources */,
				1BE586741962ACBA00B2F910 /* main.m in Sources */,
			);
			runOnlyForDeploymentPostprocessing = 0;
		};
		1BE5867B1962ACBA00B2F910 /* Sources */ = {
			isa = PBXSourcesBuildPhase;
			buildActionMask = 2147483647;
			files = (
				1BE5868D1962ACBA00B2F910 /* SimpleTableTests.m in Sources */,
			);
			runOnlyForDeploymentPostprocessing = 0;
		};
/* End PBXSourcesBuildPhase section */

/* Begin PBXTargetDependency section */
		1BE586851962ACBA00B2F910 /* PBXTargetDependency */ = {
			isa = PBXTargetDependency;
			target = 1BE586631962ACBA00B2F910 /* SimpleTable */;
			targetProxy = 1BE586841962ACBA00B2F910 /* PBXContainerItemProxy */;
		};
/* End PBXTargetDependency section */

/* Begin PBXVariantGroup section */
		1BE586701962ACBA00B2F910 /* InfoPlist.strings */ = {
			isa = PBXVariantGroup;
			children = (
				1BE586711962ACBA00B2F910 /* en */,
			);
			name = InfoPlist.strings;
			sourceTree = "<group>";
		};
		1BE586891962ACBA00B2F910 /* InfoPlist.strings */ = {
			isa = PBXVariantGroup;
			children = (
				1BE5868A1962ACBA00B2F910 /* en */,
			);
			name = InfoPlist.strings;
			sourceTree = "<group>";
		};
/* End PBXVariantGroup section */

/* Begin XCBuildConfiguration section */
		1BE5868E1962ACBA00B2F910 /* Debug */ = {
			isa = XCBuildConfiguration;
			buildSettings = {
				ALWAYS_SEARCH_USER_PATHS = NO;
				CLANG_CXX_LANGUAGE_STANDARD = "gnu++0x";
				CLANG_CXX_LIBRARY = "libc++";
				CLANG_ENABLE_MODULES = YES;
				CLANG_ENABLE_OBJC_ARC = YES;
				CLANG_WARN_BOOL_CONVERSION = YES;
				CLANG_WARN_CONSTANT_CONVERSION = YES;
				CLANG_WARN_DIRECT_OBJC_ISA_USAGE = YES_ERROR;
				CLANG_WARN_EMPTY_BODY = YES;
				CLANG_WARN_ENUM_CONVERSION = YES;
				CLANG_WARN_INT_CONVERSION = YES;
				CLANG_WARN_OBJC_ROOT_CLASS = YES_ERROR;
				CLANG_WARN__DUPLICATE_METHOD_MATCH = YES;
				"CODE_SIGN_IDENTITY[sdk=iphoneos*]" = "iPhone Developer";
				COPY_PHASE_STRIP = NO;
				GCC_C_LANGUAGE_STANDARD = gnu99;
				GCC_DYNAMIC_NO_PIC = NO;
				GCC_OPTIMIZATION_LEVEL = 0;
				GCC_PREPROCESSOR_DEFINITIONS = (
					"DEBUG=1",
					"$(inherited)",
				);
				GCC_SYMBOLS_PRIVATE_EXTERN = NO;
				GCC_WARN_64_TO_32_BIT_CONVERSION = YES;
				GCC_WARN_ABOUT_RETURN_TYPE = YES_ERROR;
				GCC_WARN_UNDECLARED_SELECTOR = YES;
				GCC_WARN_UNINITIALIZED_AUTOS = YES_AGGRESSIVE;
				GCC_WARN_UNUSED_FUNCTION = YES;
				GCC_WARN_UNUSED_VARIABLE = YES;
				IPHONEOS_DEPLOYMENT_TARGET = 7.1;
				ONLY_ACTIVE_ARCH = YES;
				SDKROOT = iphoneos;
			};
			name = Debug;
		};
		1BE5868F1962ACBA00B2F910 /* Release */ = {
			isa = XCBuildConfiguration;
			buildSettings = {
				ALWAYS_SEARCH_USER_PATHS = NO;
				CLANG_CXX_LANGUAGE_STANDARD = "gnu++0x";
				CLANG_CXX_LIBRARY = "libc++";
				CLANG_ENABLE_MODULES = YES;
				CLANG_ENABLE_OBJC_ARC = YES;
				CLANG_WARN_BOOL_CONVERSION = YES;
				CLANG_WARN_CONSTANT_CONVERSION = YES;
				CLANG_WARN_DIRECT_OBJC_ISA_USAGE = YES_ERROR;
				CLANG_WARN_EMPTY_BODY = YES;
				CLANG_WARN_ENUM_CONVERSION = YES;
				CLANG_WARN_INT_CONVERSION = YES;
				CLANG_WARN_OBJC_ROOT_CLASS = YES_ERROR;
				CLANG_WARN__DUPLICATE_METHOD_MATCH = YES;
				"CODE_SIGN_IDENTITY[sdk=iphoneos*]" = "iPhone Developer";
				COPY_PHASE_STRIP = YES;
				ENABLE_NS_ASSERTIONS = NO;
				GCC_C_LANGUAGE_STANDARD = gnu99;
				GCC_WARN_64_TO_32_BIT_CONVERSION = YES;
				GCC_WARN_ABOUT_RETURN_TYPE = YES_ERROR;
				GCC_WARN_UNDECLARED_SELECTOR = YES;
				GCC_WARN_UNINITIALIZED_AUTOS = YES_AGGRESSIVE;
				GCC_WARN_UNUSED_FUNCTION = YES;
				GCC_WARN_UNUSED_VARIABLE = YES;
				IPHONEOS_DEPLOYMENT_TARGET = 7.1;
				SDKROOT = iphoneos;
				VALIDATE_PRODUCT = YES;
			};
			name = Release;
		};
		1BE586911962ACBA00B2F910 /* Debug */ = {
			isa = XCBuildConfiguration;
			buildSettings = {
				ASSETCATALOG_COMPILER_APPICON_NAME = AppIcon;
				ASSETCATALOG_COMPILER_LAUNCHIMAGE_NAME = LaunchImage;
				GCC_PRECOMPILE_PREFIX_HEADER = YES;
				GCC_PREFIX_HEADER = "SimpleTable/SimpleTable-Prefix.pch";
				INFOPLIST_FILE = "SimpleTable/SimpleTable-Info.plist";
				PRODUCT_NAME = "$(TARGET_NAME)";
				WRAPPER_EXTENSION = app;
			};
			name = Debug;
		};
		1BE586921962ACBA00B2F910 /* Release */ = {
			isa = XCBuildConfiguration;
			buildSettings = {
				ASSETCATALOG_COMPILER_APPICON_NAME = AppIcon;
				ASSETCATALOG_COMPILER_LAUNCHIMAGE_NAME = LaunchImage;
				GCC_PRECOMPILE_PREFIX_HEADER = YES;
				GCC_PREFIX_HEADER = "SimpleTable/SimpleTable-Prefix.pch";
				INFOPLIST_FILE = "SimpleTable/SimpleTable-Info.plist";
				PRODUCT_NAME = "$(TARGET_NAME)";
				WRAPPER_EXTENSION = app;
			};
			name = Release;
		};
		1BE586941962ACBA00B2F910 /* Debug */ = {
			isa = XCBuildConfiguration;
			buildSettings = {
				BUNDLE_LOADER = "$(BUILT_PRODUCTS_DIR)/SimpleTable.app/SimpleTable";
				FRAMEWORK_SEARCH_PATHS = (
					"$(SDKROOT)/Developer/Library/Frameworks",
					"$(inherited)",
					"$(DEVELOPER_FRAMEWORKS_DIR)",
				);
				GCC_PRECOMPILE_PREFIX_HEADER = YES;
				GCC_PREFIX_HEADER = "SimpleTable/SimpleTable-Prefix.pch";
				GCC_PREPROCESSOR_DEFINITIONS = (
					"DEBUG=1",
					"$(inherited)",
				);
				INFOPLIST_FILE = "SimpleTableTests/SimpleTableTests-Info.plist";
				PRODUCT_NAME = "$(TARGET_NAME)";
				TEST_HOST = "$(BUNDLE_LOADER)";
				WRAPPER_EXTENSION = xctest;
			};
			name = Debug;
		};
		1BE586951962ACBA00B2F910 /* Release */ = {
			isa = XCBuildConfiguration;
			buildSettings = {
				BUNDLE_LOADER = "$(BUILT_PRODUCTS_DIR)/SimpleTable.app/SimpleTable";
				FRAMEWORK_SEARCH_PATHS = (
					"$(SDKROOT)/Developer/Library/Frameworks",
					"$(inherited)",
					"$(DEVELOPER_FRAMEWORKS_DIR)",
				);
				GCC_PRECOMPILE_PREFIX_HEADER = YES;
				GCC_PREFIX_HEADER = "SimpleTable/SimpleTable-Prefix.pch";
				INFOPLIST_FILE = "SimpleTableTests/SimpleTableTests-Info.plist";
				PRODUCT_NAME = "$(TARGET_NAME)";
				TEST_HOST = "$(BUNDLE_LOADER)";
				WRAPPER_EXTENSION = xctest;
			};
			name = Release;
		};
/* End XCBuildConfiguration section */

/* Begin XCConfigurationList section */
		1BE5865F1962ACBA00B2F910 /* Build configuration list for PBXProject "SimpleTable" */ = {
			isa = XCConfigurationList;
			buildConfigurations = (
				1BE5868E1962ACBA00B2F910 /* Debug */,
				1BE5868F1962ACBA00B2F910 /* Release */,
			);
			defaultConfigurationIsVisible = 0;
			defaultConfigurationName = Release;
		};
		1BE586901962ACBA00B2F910 /* Build configuration list for PBXNativeTarget "SimpleTable" */ = {
			isa = XCConfigurationList;
			buildConfigurations = (
				1BE586911962ACBA00B2F910 /* Debug */,
				1BE586921962ACBA00B2F910 /* Release */,
			);
			defaultConfigurationIsVisible = 0;
		};
		1BE586931962ACBA00B2F910 /* Build configuration list for PBXNativeTarget "SimpleTableTests" */ = {
			isa = XCConfigurationList;
			buildConfigurations = (
				1BE586941962ACBA00B2F910 /* Debug */,
				1BE586951962ACBA00B2F910 /* Release */,
			);
			defaultConfigurationIsVisible = 0;
		};
/* End XCConfigurationList section */
	};
	rootObject = 1BE5865C1962ACBA00B2F910 /* Project object */;
}
