// !$*UTF8*$!
{
	archiveVersion = 1;
	classes = {
	};
	objectVersion = 46;
	objects = {

/* Begin PBXBuildFile section */
		1B160CA319A3542A0084A549 /* Foundation.framework in Frameworks */ = {isa = PBXBuildFile; fileRef = 1B160CA219A3542A0084A549 /* Foundation.framework */; };
		1B160CA519A3542A0084A549 /* CoreGraphics.framework in Frameworks */ = {isa = PBXBuildFile; fileRef = 1B160CA419A3542A0084A549 /* CoreGraphics.framework */; };
		1B160CA719A3542A0084A549 /* UIKit.framework in Frameworks */ = {isa = PBXBuildFile; fileRef = 1B160CA619A3542A0084A549 /* UIKit.framework */; };
		1B160CAD19A3542A0084A549 /* InfoPlist.strings in Resources */ = {isa = PBXBuildFile; fileRef = 1B160CAB19A3542A0084A549 /* InfoPlist.strings */; };
		1B160CAF19A3542A0084A549 /* main.m in Sources */ = {isa = PBXBuildFile; fileRef = 1B160CAE19A3542A0084A549 /* main.m */; };
		1B160CB319A3542A0084A549 /* WLJAppDelegate.m in Sources */ = {isa = PBXBuildFile; fileRef = 1B160CB219A3542A0084A549 /* WLJAppDelegate.m */; };
		1B160CB619A3542A0084A549 /* Main.storyboard in Resources */ = {isa = PBXBuildFile; fileRef = 1B160CB419A3542A0084A549 /* Main.storyboard */; };
		1B160CB919A3542A0084A549 /* WLJViewController.m in Sources */ = {isa = PBXBuildFile; fileRef = 1B160CB819A3542A0084A549 /* WLJViewController.m */; };
		1B160CBB19A3542A0084A549 /* Images.xcassets in Resources */ = {isa = PBXBuildFile; fileRef = 1B160CBA19A3542A0084A549 /* Images.xcassets */; };
		1B160CC219A3542A0084A549 /* XCTest.framework in Frameworks */ = {isa = PBXBuildFile; fileRef = 1B160CC119A3542A0084A549 /* XCTest.framework */; };
		1B160CC319A3542A0084A549 /* Foundation.framework in Frameworks */ = {isa = PBXBuildFile; fileRef = 1B160CA219A3542A0084A549 /* Foundation.framework */; };
		1B160CC419A3542A0084A549 /* UIKit.framework in Frameworks */ = {isa = PBXBuildFile; fileRef = 1B160CA619A3542A0084A549 /* UIKit.framework */; };
		1B160CCC19A3542A0084A549 /* InfoPlist.strings in Resources */ = {isa = PBXBuildFile; fileRef = 1B160CCA19A3542A0084A549 /* InfoPlist.strings */; };
		1B160CCE19A3542A0084A549 /* CustomLabelViewTests.m in Sources */ = {isa = PBXBuildFile; fileRef = 1B160CCD19A3542A0084A549 /* CustomLabelViewTests.m */; };
/* End PBXBuildFile section */

/* Begin PBXContainerItemProxy section */
		1B160CC519A3542A0084A549 /* PBXContainerItemProxy */ = {
			isa = PBXContainerItemProxy;
			containerPortal = 1B160C9719A3542A0084A549 /* Project object */;
			proxyType = 1;
			remoteGlobalIDString = 1B160C9E19A3542A0084A549;
			remoteInfo = CustomLabelView;
		};
/* End PBXContainerItemProxy section */

/* Begin PBXFileReference section */
		1B160C9F19A3542A0084A549 /* CustomLabelView.app */ = {isa = PBXFileReference; explicitFileType = wrapper.application; includeInIndex = 0; path = CustomLabelView.app; sourceTree = BUILT_PRODUCTS_DIR; };
		1B160CA219A3542A0084A549 /* Foundation.framework */ = {isa = PBXFileReference; lastKnownFileType = wrapper.framework; name = Foundation.framework; path = System/Library/Frameworks/Foundation.framework; sourceTree = SDKROOT; };
		1B160CA419A3542A0084A549 /* CoreGraphics.framework */ = {isa = PBXFileReference; lastKnownFileType = wrapper.framework; name = CoreGraphics.framework; path = System/Library/Frameworks/CoreGraphics.framework; sourceTree = SDKROOT; };
		1B160CA619A3542A0084A549 /* UIKit.framework */ = {isa = PBXFileReference; lastKnownFileType = wrapper.framework; name = UIKit.framework; path = System/Library/Frameworks/UIKit.framework; sourceTree = SDKROOT; };
		1B160CAA19A3542A0084A549 /* CustomLabelView-Info.plist */ = {isa = PBXFileReference; lastKnownFileType = text.plist.xml; path = "CustomLabelView-Info.plist"; sourceTree = "<group>"; };
		1B160CAC19A3542A0084A549 /* en */ = {isa = PBXFileReference; lastKnownFileType = text.plist.strings; name = en; path = en.lproj/InfoPlist.strings; sourceTree = "<group>"; };
		1B160CAE19A3542A0084A549 /* main.m */ = {isa = PBXFileReference; lastKnownFileType = sourcecode.c.objc; path = main.m; sourceTree = "<group>"; };
		1B160CB019A3542A0084A549 /* CustomLabelView-Prefix.pch */ = {isa = PBXFileReference; lastKnownFileType = sourcecode.c.h; path = "CustomLabelView-Prefix.pch"; sourceTree = "<group>"; };
		1B160CB119A3542A0084A549 /* WLJAppDelegate.h */ = {isa = PBXFileReference; lastKnownFileType = sourcecode.c.h; path = WLJAppDelegate.h; sourceTree = "<group>"; };
		1B160CB219A3542A0084A549 /* WLJAppDelegate.m */ = {isa = PBXFileReference; lastKnownFileType = sourcecode.c.objc; path = WLJAppDelegate.m; sourceTree = "<group>"; };
		1B160CB519A3542A0084A549 /* Base */ = {isa = PBXFileReference; lastKnownFileType = file.storyboard; name = Base; path = Base.lproj/Main.storyboard; sourceTree = "<group>"; };
		1B160CB719A3542A0084A549 /* WLJViewController.h */ = {isa = PBXFileReference; lastKnownFileType = sourcecode.c.h; path = WLJViewController.h; sourceTree = "<group>"; };
		1B160CB819A3542A0084A549 /* WLJViewController.m */ = {isa = PBXFileReference; lastKnownFileType = sourcecode.c.objc; path = WLJViewController.m; sourceTree = "<group>"; };
		1B160CBA19A3542A0084A549 /* Images.xcassets */ = {isa = PBXFileReference; lastKnownFileType = folder.assetcatalog; path = Images.xcassets; sourceTree = "<group>"; };
		1B160CC019A3542A0084A549 /* CustomLabelViewTests.xctest */ = {isa = PBXFileReference; explicitFileType = wrapper.cfbundle; includeInIndex = 0; path = CustomLabelViewTests.xctest; sourceTree = BUILT_PRODUCTS_DIR; };
		1B160CC119A3542A0084A549 /* XCTest.framework */ = {isa = PBXFileReference; lastKnownFileType = wrapper.framework; name = XCTest.framework; path = Library/Frameworks/XCTest.framework; sourceTree = DEVELOPER_DIR; };
		1B160CC919A3542A0084A549 /* CustomLabelViewTests-Info.plist */ = {isa = PBXFileReference; lastKnownFileType = text.plist.xml; path = "CustomLabelViewTests-Info.plist"; sourceTree = "<group>"; };
		1B160CCB19A3542A0084A549 /* en */ = {isa = PBXFileReference; lastKnownFileType = text.plist.strings; name = en; path = en.lproj/InfoPlist.strings; sourceTree = "<group>"; };
		1B160CCD19A3542A0084A549 /* CustomLabelViewTests.m */ = {isa = PBXFileReference; lastKnownFileType = sourcecode.c.objc; path = CustomLabelViewTests.m; sourceTree = "<group>"; };
/* End PBXFileReference section */

/* Begin PBXFrameworksBuildPhase section */
		1B160C9C19A3542A0084A549 /* Frameworks */ = {
			isa = PBXFrameworksBuildPhase;
			buildActionMask = 2147483647;
			files = (
				1B160CA519A3542A0084A549 /* CoreGraphics.framework in Frameworks */,
				1B160CA719A3542A0084A549 /* UIKit.framework in Frameworks */,
				1B160CA319A3542A0084A549 /* Foundation.framework in Frameworks */,
			);
			runOnlyForDeploymentPostprocessing = 0;
		};
		1B160CBD19A3542A0084A549 /* Frameworks */ = {
			isa = PBXFrameworksBuildPhase;
			buildActionMask = 2147483647;
			files = (
				1B160CC219A3542A0084A549 /* XCTest.framework in Frameworks */,
				1B160CC419A3542A0084A549 /* UIKit.framework in Frameworks */,
				1B160CC319A3542A0084A549 /* Foundation.framework in Frameworks */,
			);
			runOnlyForDeploymentPostprocessing = 0;
		};
/* End PBXFrameworksBuildPhase section */

/* Begin PBXGroup section */
		1B160C9619A3542A0084A549 = {
			isa = PBXGroup;
			children = (
				1B160CA819A3542A0084A549 /* CustomLabelView */,
				1B160CC719A3542A0084A549 /* CustomLabelViewTests */,
				1B160CA119A3542A0084A549 /* Frameworks */,
				1B160CA019A3542A0084A549 /* Products */,
			);
			sourceTree = "<group>";
		};
		1B160CA019A3542A0084A549 /* Products */ = {
			isa = PBXGroup;
			children = (
				1B160C9F19A3542A0084A549 /* CustomLabelView.app */,
				1B160CC019A3542A0084A549 /* CustomLabelViewTests.xctest */,
			);
			name = Products;
			sourceTree = "<group>";
		};
		1B160CA119A3542A0084A549 /* Frameworks */ = {
			isa = PBXGroup;
			children = (
				1B160CA219A3542A0084A549 /* Foundation.framework */,
				1B160CA419A3542A0084A549 /* CoreGraphics.framework */,
				1B160CA619A3542A0084A549 /* UIKit.framework */,
				1B160CC119A3542A0084A549 /* XCTest.framework */,
			);
			name = Frameworks;
			sourceTree = "<group>";
		};
		1B160CA819A3542A0084A549 /* CustomLabelView */ = {
			isa = PBXGroup;
			children = (
				1B160CB119A3542A0084A549 /* WLJAppDelegate.h */,
				1B160CB219A3542A0084A549 /* WLJAppDelegate.m */,
				1B160CB419A3542A0084A549 /* Main.storyboard */,
				1B160CB719A3542A0084A549 /* WLJViewController.h */,
				1B160CB819A3542A0084A549 /* WLJViewController.m */,
				1B160CBA19A3542A0084A549 /* Images.xcassets */,
				1B160CA919A3542A0084A549 /* Supporting Files */,
			);
			path = CustomLabelView;
			sourceTree = "<group>";
		};
		1B160CA919A3542A0084A549 /* Supporting Files */ = {
			isa = PBXGroup;
			children = (
				1B160CAA19A3542A0084A549 /* CustomLabelView-Info.plist */,
				1B160CAB19A3542A0084A549 /* InfoPlist.strings */,
				1B160CAE19A3542A0084A549 /* main.m */,
				1B160CB019A3542A0084A549 /* CustomLabelView-Prefix.pch */,
			);
			name = "Supporting Files";
			sourceTree = "<group>";
		};
		1B160CC719A3542A0084A549 /* CustomLabelViewTests */ = {
			isa = PBXGroup;
			children = (
				1B160CCD19A3542A0084A549 /* CustomLabelViewTests.m */,
				1B160CC819A3542A0084A549 /* Supporting Files */,
			);
			path = CustomLabelViewTests;
			sourceTree = "<group>";
		};
		1B160CC819A3542A0084A549 /* Supporting Files */ = {
			isa = PBXGroup;
			children = (
				1B160CC919A3542A0084A549 /* CustomLabelViewTests-Info.plist */,
				1B160CCA19A3542A0084A549 /* InfoPlist.strings */,
			);
			name = "Supporting Files";
			sourceTree = "<group>";
		};
/* End PBXGroup section */

/* Begin PBXNativeTarget section */
		1B160C9E19A3542A0084A549 /* CustomLabelView */ = {
			isa = PBXNativeTarget;
			buildConfigurationList = 1B160CD119A3542A0084A549 /* Build configuration list for PBXNativeTarget "CustomLabelView" */;
			buildPhases = (
				1B160C9B19A3542A0084A549 /* Sources */,
				1B160C9C19A3542A0084A549 /* Frameworks */,
				1B160C9D19A3542A0084A549 /* Resources */,
			);
			buildRules = (
			);
			dependencies = (
			);
			name = CustomLabelView;
			productName = CustomLabelView;
			productReference = 1B160C9F19A3542A0084A549 /* CustomLabelView.app */;
			productType = "com.apple.product-type.application";
		};
		1B160CBF19A3542A0084A549 /* CustomLabelViewTests */ = {
			isa = PBXNativeTarget;
			buildConfigurationList = 1B160CD419A3542A0084A549 /* Build configuration list for PBXNativeTarget "CustomLabelViewTests" */;
			buildPhases = (
				1B160CBC19A3542A0084A549 /* Sources */,
				1B160CBD19A3542A0084A549 /* Frameworks */,
				1B160CBE19A3542A0084A549 /* Resources */,
			);
			buildRules = (
			);
			dependencies = (
				1B160CC619A3542A0084A549 /* PBXTargetDependency */,
			);
			name = CustomLabelViewTests;
			productName = CustomLabelViewTests;
			productReference = 1B160CC019A3542A0084A549 /* CustomLabelViewTests.xctest */;
			productType = "com.apple.product-type.bundle.unit-test";
		};
/* End PBXNativeTarget section */

/* Begin PBXProject section */
		1B160C9719A3542A0084A549 /* Project object */ = {
			isa = PBXProject;
			attributes = {
				CLASSPREFIX = WLJ;
				LastUpgradeCheck = 0510;
				ORGANIZATIONNAME = "___FULLUSERNAME___";
				TargetAttributes = {
					1B160CBF19A3542A0084A549 = {
						TestTargetID = 1B160C9E19A3542A0084A549;
					};
				};
			};
			buildConfigurationList = 1B160C9A19A3542A0084A549 /* Build configuration list for PBXProject "CustomLabelView" */;
			compatibilityVersion = "Xcode 3.2";
			developmentRegion = English;
			hasScannedForEncodings = 0;
			knownRegions = (
				en,
				Base,
			);
			mainGroup = 1B160C9619A3542A0084A549;
			productRefGroup = 1B160CA019A3542A0084A549 /* Products */;
			projectDirPath = "";
			projectRoot = "";
			targets = (
				1B160C9E19A3542A0084A549 /* CustomLabelView */,
				1B160CBF19A3542A0084A549 /* CustomLabelViewTests */,
			);
		};
/* End PBXProject section */

/* Begin PBXResourcesBuildPhase section */
		1B160C9D19A3542A0084A549 /* Resources */ = {
			isa = PBXResourcesBuildPhase;
			buildActionMask = 2147483647;
			files = (
				1B160CBB19A3542A0084A549 /* Images.xcassets in Resources */,
				1B160CAD19A3542A0084A549 /* InfoPlist.strings in Resources */,
				1B160CB619A3542A0084A549 /* Main.storyboard in Resources */,
			);
			runOnlyForDeploymentPostprocessing = 0;
		};
		1B160CBE19A3542A0084A549 /* Resources */ = {
			isa = PBXResourcesBuildPhase;
			buildActionMask = 2147483647;
			files = (
				1B160CCC19A3542A0084A549 /* InfoPlist.strings in Resources */,
			);
			runOnlyForDeploymentPostprocessing = 0;
		};
/* End PBXResourcesBuildPhase section */

/* Begin PBXSourcesBuildPhase section */
		1B160C9B19A3542A0084A549 /* Sources */ = {
			isa = PBXSourcesBuildPhase;
			buildActionMask = 2147483647;
			files = (
				1B160CB319A3542A0084A549 /* WLJAppDelegate.m in Sources */,
				1B160CB919A3542A0084A549 /* WLJViewController.m in Sources */,
				1B160CAF19A3542A0084A549 /* main.m in Sources */,
			);
			runOnlyForDeploymentPostprocessing = 0;
		};
		1B160CBC19A3542A0084A549 /* Sources */ = {
			isa = PBXSourcesBuildPhase;
			buildActionMask = 2147483647;
			files = (
				1B160CCE19A3542A0084A549 /* CustomLabelViewTests.m in Sources */,
			);
			runOnlyForDeploymentPostprocessing = 0;
		};
/* End PBXSourcesBuildPhase section */

/* Begin PBXTargetDependency section */
		1B160CC619A3542A0084A549 /* PBXTargetDependency */ = {
			isa = PBXTargetDependency;
			target = 1B160C9E19A3542A0084A549 /* CustomLabelView */;
			targetProxy = 1B160CC519A3542A0084A549 /* PBXContainerItemProxy */;
		};
/* End PBXTargetDependency section */

/* Begin PBXVariantGroup section */
		1B160CAB19A3542A0084A549 /* InfoPlist.strings */ = {
			isa = PBXVariantGroup;
			children = (
				1B160CAC19A3542A0084A549 /* en */,
			);
			name = InfoPlist.strings;
			sourceTree = "<group>";
		};
		1B160CB419A3542A0084A549 /* Main.storyboard */ = {
			isa = PBXVariantGroup;
			children = (
				1B160CB519A3542A0084A549 /* Base */,
			);
			name = Main.storyboard;
			sourceTree = "<group>";
		};
		1B160CCA19A3542A0084A549 /* InfoPlist.strings */ = {
			isa = PBXVariantGroup;
			children = (
				1B160CCB19A3542A0084A549 /* en */,
			);
			name = InfoPlist.strings;
			sourceTree = "<group>";
		};
/* End PBXVariantGroup section */

/* Begin XCBuildConfiguration section */
		1B160CCF19A3542A0084A549 /* Debug */ = {
			isa = XCBuildConfiguration;
			buildSettings = {
				ALWAYS_SEARCH_USER_PATHS = NO;
				CLANG_CXX_LANGUAGE_STANDARD = "gnu++0x";
				CLANG_CXX_LIBRARY = "libc++";
				CLANG_ENABLE_MODULES = YES;
				CLANG_ENABLE_OBJC_ARC = YES;
				CLANG_WARN_BOOL_CONVERSION = YES;
				CLANG_WARN_CONSTANT_CONVERSION = YES;
				CLANG_WARN_DIRECT_OBJC_ISA_USAGE = YES_ERROR;
				CLANG_WARN_EMPTY_BODY = YES;
				CLANG_WARN_ENUM_CONVERSION = YES;
				CLANG_WARN_INT_CONVERSION = YES;
				CLANG_WARN_OBJC_ROOT_CLASS = YES_ERROR;
				CLANG_WARN__DUPLICATE_METHOD_MATCH = YES;
				"CODE_SIGN_IDENTITY[sdk=iphoneos*]" = "iPhone Developer";
				COPY_PHASE_STRIP = NO;
				GCC_C_LANGUAGE_STANDARD = gnu99;
				GCC_DYNAMIC_NO_PIC = NO;
				GCC_OPTIMIZATION_LEVEL = 0;
				GCC_PREPROCESSOR_DEFINITIONS = (
					"DEBUG=1",
					"$(inherited)",
				);
				GCC_SYMBOLS_PRIVATE_EXTERN = NO;
				GCC_WARN_64_TO_32_BIT_CONVERSION = YES;
				GCC_WARN_ABOUT_RETURN_TYPE = YES_ERROR;
				GCC_WARN_UNDECLARED_SELECTOR = YES;
				GCC_WARN_UNINITIALIZED_AUTOS = YES_AGGRESSIVE;
				GCC_WARN_UNUSED_FUNCTION = YES;
				GCC_WARN_UNUSED_VARIABLE = YES;
				IPHONEOS_DEPLOYMENT_TARGET = 7.1;
				ONLY_ACTIVE_ARCH = YES;
				SDKROOT = iphoneos;
			};
			name = Debug;
		};
		1B160CD019A3542A0084A549 /* Release */ = {
			isa = XCBuildConfiguration;
			buildSettings = {
				ALWAYS_SEARCH_USER_PATHS = NO;
				CLANG_CXX_LANGUAGE_STANDARD = "gnu++0x";
				CLANG_CXX_LIBRARY = "libc++";
				CLANG_ENABLE_MODULES = YES;
				CLANG_ENABLE_OBJC_ARC = YES;
				CLANG_WARN_BOOL_CONVERSION = YES;
				CLANG_WARN_CONSTANT_CONVERSION = YES;
				CLANG_WARN_DIRECT_OBJC_ISA_USAGE = YES_ERROR;
				CLANG_WARN_EMPTY_BODY = YES;
				CLANG_WARN_ENUM_CONVERSION = YES;
				CLANG_WARN_INT_CONVERSION = YES;
				CLANG_WARN_OBJC_ROOT_CLASS = YES_ERROR;
				CLANG_WARN__DUPLICATE_METHOD_MATCH = YES;
				"CODE_SIGN_IDENTITY[sdk=iphoneos*]" = "iPhone Developer";
				COPY_PHASE_STRIP = YES;
				ENABLE_NS_ASSERTIONS = NO;
				GCC_C_LANGUAGE_STANDARD = gnu99;
				GCC_WARN_64_TO_32_BIT_CONVERSION = YES;
				GCC_WARN_ABOUT_RETURN_TYPE = YES_ERROR;
				GCC_WARN_UNDECLARED_SELECTOR = YES;
				GCC_WARN_UNINITIALIZED_AUTOS = YES_AGGRESSIVE;
				GCC_WARN_UNUSED_FUNCTION = YES;
				GCC_WARN_UNUSED_VARIABLE = YES;
				IPHONEOS_DEPLOYMENT_TARGET = 7.1;
				SDKROOT = iphoneos;
				VALIDATE_PRODUCT = YES;
			};
			name = Release;
		};
		1B160CD219A3542A0084A549 /* Debug */ = {
			isa = XCBuildConfiguration;
			buildSettings = {
				ASSETCATALOG_COMPILER_APPICON_NAME = AppIcon;
				ASSETCATALOG_COMPILER_LAUNCHIMAGE_NAME = LaunchImage;
				GCC_PRECOMPILE_PREFIX_HEADER = YES;
				GCC_PREFIX_HEADER = "CustomLabelView/CustomLabelView-Prefix.pch";
				INFOPLIST_FILE = "CustomLabelView/CustomLabelView-Info.plist";
				PRODUCT_NAME = "$(TARGET_NAME)";
				WRAPPER_EXTENSION = app;
			};
			name = Debug;
		};
		1B160CD319A3542A0084A549 /* Release */ = {
			isa = XCBuildConfiguration;
			buildSettings = {
				ASSETCATALOG_COMPILER_APPICON_NAME = AppIcon;
				ASSETCATALOG_COMPILER_LAUNCHIMAGE_NAME = LaunchImage;
				GCC_PRECOMPILE_PREFIX_HEADER = YES;
				GCC_PREFIX_HEADER = "CustomLabelView/CustomLabelView-Prefix.pch";
				INFOPLIST_FILE = "CustomLabelView/CustomLabelView-Info.plist";
				PRODUCT_NAME = "$(TARGET_NAME)";
				WRAPPER_EXTENSION = app;
			};
			name = Release;
		};
		1B160CD519A3542A0084A549 /* Debug */ = {
			isa = XCBuildConfiguration;
			buildSettings = {
				BUNDLE_LOADER = "$(BUILT_PRODUCTS_DIR)/CustomLabelView.app/CustomLabelView";
				FRAMEWORK_SEARCH_PATHS = (
					"$(SDKROOT)/Developer/Library/Frameworks",
					"$(inherited)",
					"$(DEVELOPER_FRAMEWORKS_DIR)",
				);
				GCC_PRECOMPILE_PREFIX_HEADER = YES;
				GCC_PREFIX_HEADER = "CustomLabelView/CustomLabelView-Prefix.pch";
				GCC_PREPROCESSOR_DEFINITIONS = (
					"DEBUG=1",
					"$(inherited)",
				);
				INFOPLIST_FILE = "CustomLabelViewTests/CustomLabelViewTests-Info.plist";
				PRODUCT_NAME = "$(TARGET_NAME)";
				TEST_HOST = "$(BUNDLE_LOADER)";
				WRAPPER_EXTENSION = xctest;
			};
			name = Debug;
		};
		1B160CD619A3542A0084A549 /* Release */ = {
			isa = XCBuildConfiguration;
			buildSettings = {
				BUNDLE_LOADER = "$(BUILT_PRODUCTS_DIR)/CustomLabelView.app/CustomLabelView";
				FRAMEWORK_SEARCH_PATHS = (
					"$(SDKROOT)/Developer/Library/Frameworks",
					"$(inherited)",
					"$(DEVELOPER_FRAMEWORKS_DIR)",
				);
				GCC_PRECOMPILE_PREFIX_HEADER = YES;
				GCC_PREFIX_HEADER = "CustomLabelView/CustomLabelView-Prefix.pch";
				INFOPLIST_FILE = "CustomLabelViewTests/CustomLabelViewTests-Info.plist";
				PRODUCT_NAME = "$(TARGET_NAME)";
				TEST_HOST = "$(BUNDLE_LOADER)";
				WRAPPER_EXTENSION = xctest;
			};
			name = Release;
		};
/* End XCBuildConfiguration section */

/* Begin XCConfigurationList section */
		1B160C9A19A3542A0084A549 /* Build configuration list for PBXProject "CustomLabelView" */ = {
			isa = XCConfigurationList;
			buildConfigurations = (
				1B160CCF19A3542A0084A549 /* Debug */,
				1B160CD019A3542A0084A549 /* Release */,
			);
			defaultConfigurationIsVisible = 0;
			defaultConfigurationName = Release;
		};
		1B160CD119A3542A0084A549 /* Build configuration list for PBXNativeTarget "CustomLabelView" */ = {
			isa = XCConfigurationList;
			buildConfigurations = (
				1B160CD219A3542A0084A549 /* Debug */,
				1B160CD319A3542A0084A549 /* Release */,
			);
			defaultConfigurationIsVisible = 0;
		};
		1B160CD419A3542A0084A549 /* Build configuration list for PBXNativeTarget "CustomLabelViewTests" */ = {
			isa = XCConfigurationList;
			buildConfigurations = (
				1B160CD519A3542A0084A549 /* Debug */,
				1B160CD619A3542A0084A549 /* Release */,
			);
			defaultConfigurationIsVisible = 0;
		};
/* End XCConfigurationList section */
	};
	rootObject = 1B160C9719A3542A0084A549 /* Project object */;
}
