// !$*UTF8*$!
{
	archiveVersion = 1;
	classes = {
	};
	objectVersion = 46;
	objects = {

/* Begin PBXBuildFile section */
		1BE5861E196278EE00B2F910 /* Foundation.framework in Frameworks */ = {isa = PBXBuildFile; fileRef = 1BE5861D196278EE00B2F910 /* Foundation.framework */; };
		1BE58620196278EE00B2F910 /* CoreGraphics.framework in Frameworks */ = {isa = PBXBuildFile; fileRef = 1BE5861F196278EE00B2F910 /* CoreGraphics.framework */; };
		1BE58622196278EE00B2F910 /* UIKit.framework in Frameworks */ = {isa = PBXBuildFile; fileRef = 1BE58621196278EE00B2F910 /* UIKit.framework */; };
		1BE58628196278EE00B2F910 /* InfoPlist.strings in Resources */ = {isa = PBXBuildFile; fileRef = 1BE58626196278EE00B2F910 /* InfoPlist.strings */; };
		1BE5862A196278EE00B2F910 /* main.m in Sources */ = {isa = PBXBuildFile; fileRef = 1BE58629196278EE00B2F910 /* main.m */; };
		1BE5862E196278EE00B2F910 /* WLJAppDelegate.m in Sources */ = {isa = PBXBuildFile; fileRef = 1BE5862D196278EE00B2F910 /* WLJAppDelegate.m */; };
		1BE58630196278EE00B2F910 /* Images.xcassets in Resources */ = {isa = PBXBuildFile; fileRef = 1BE5862F196278EE00B2F910 /* Images.xcassets */; };
		1BE58637196278EE00B2F910 /* XCTest.framework in Frameworks */ = {isa = PBXBuildFile; fileRef = 1BE58636196278EE00B2F910 /* XCTest.framework */; };
		1BE58638196278EE00B2F910 /* Foundation.framework in Frameworks */ = {isa = PBXBuildFile; fileRef = 1BE5861D196278EE00B2F910 /* Foundation.framework */; };
		1BE58639196278EE00B2F910 /* UIKit.framework in Frameworks */ = {isa = PBXBuildFile; fileRef = 1BE58621196278EE00B2F910 /* UIKit.framework */; };
		1BE58641196278EE00B2F910 /* InfoPlist.strings in Resources */ = {isa = PBXBuildFile; fileRef = 1BE5863F196278EE00B2F910 /* InfoPlist.strings */; };
		1BE58643196278EE00B2F910 /* View_SwitcherTests.m in Sources */ = {isa = PBXBuildFile; fileRef = 1BE58642196278EE00B2F910 /* View_SwitcherTests.m */; };
		1BE5864E196279D200B2F910 /* WLJSwitchViewController.m in Sources */ = {isa = PBXBuildFile; fileRef = 1BE5864D196279D200B2F910 /* WLJSwitchViewController.m */; };
		1BE5865119627A2900B2F910 /* WLJBlueViewController.m in Sources */ = {isa = PBXBuildFile; fileRef = 1BE5865019627A2900B2F910 /* WLJBlueViewController.m */; };
		1BE5865419627A3700B2F910 /* WLJYellowViewController.m in Sources */ = {isa = PBXBuildFile; fileRef = 1BE5865319627A3700B2F910 /* WLJYellowViewController.m */; };
		1BE5865619627A9900B2F910 /* SwitchView.xib in Resources */ = {isa = PBXBuildFile; fileRef = 1BE5865519627A9900B2F910 /* SwitchView.xib */; };
		1BE5865819627AA700B2F910 /* BlueView.xib in Resources */ = {isa = PBXBuildFile; fileRef = 1BE5865719627AA700B2F910 /* BlueView.xib */; };
		1BE5865A19627AB700B2F910 /* YellowView.xib in Resources */ = {isa = PBXBuildFile; fileRef = 1BE5865919627AB700B2F910 /* YellowView.xib */; };
/* End PBXBuildFile section */

/* Begin PBXContainerItemProxy section */
		1BE5863A196278EE00B2F910 /* PBXContainerItemProxy */ = {
			isa = PBXContainerItemProxy;
			containerPortal = 1BE58612196278ED00B2F910 /* Project object */;
			proxyType = 1;
			remoteGlobalIDString = 1BE58619196278EE00B2F910;
			remoteInfo = "View Switcher";
		};
/* End PBXContainerItemProxy section */

/* Begin PBXFileReference section */
		1BE5861A196278EE00B2F910 /* View Switcher.app */ = {isa = PBXFileReference; explicitFileType = wrapper.application; includeInIndex = 0; path = "View Switcher.app"; sourceTree = BUILT_PRODUCTS_DIR; };
		1BE5861D196278EE00B2F910 /* Foundation.framework */ = {isa = PBXFileReference; lastKnownFileType = wrapper.framework; name = Foundation.framework; path = System/Library/Frameworks/Foundation.framework; sourceTree = SDKROOT; };
		1BE5861F196278EE00B2F910 /* CoreGraphics.framework */ = {isa = PBXFileReference; lastKnownFileType = wrapper.framework; name = CoreGraphics.framework; path = System/Library/Frameworks/CoreGraphics.framework; sourceTree = SDKROOT; };
		1BE58621196278EE00B2F910 /* UIKit.framework */ = {isa = PBXFileReference; lastKnownFileType = wrapper.framework; name = UIKit.framework; path = System/Library/Frameworks/UIKit.framework; sourceTree = SDKROOT; };
		1BE58625196278EE00B2F910 /* View Switcher-Info.plist */ = {isa = PBXFileReference; lastKnownFileType = text.plist.xml; path = "View Switcher-Info.plist"; sourceTree = "<group>"; };
		1BE58627196278EE00B2F910 /* en */ = {isa = PBXFileReference; lastKnownFileType = text.plist.strings; name = en; path = en.lproj/InfoPlist.strings; sourceTree = "<group>"; };
		1BE58629196278EE00B2F910 /* main.m */ = {isa = PBXFileReference; lastKnownFileType = sourcecode.c.objc; path = main.m; sourceTree = "<group>"; };
		1BE5862B196278EE00B2F910 /* View Switcher-Prefix.pch */ = {isa = PBXFileReference; lastKnownFileType = sourcecode.c.h; path = "View Switcher-Prefix.pch"; sourceTree = "<group>"; };
		1BE5862C196278EE00B2F910 /* WLJAppDelegate.h */ = {isa = PBXFileReference; lastKnownFileType = sourcecode.c.h; path = WLJAppDelegate.h; sourceTree = "<group>"; };
		1BE5862D196278EE00B2F910 /* WLJAppDelegate.m */ = {isa = PBXFileReference; lastKnownFileType = sourcecode.c.objc; path = WLJAppDelegate.m; sourceTree = "<group>"; };
		1BE5862F196278EE00B2F910 /* Images.xcassets */ = {isa = PBXFileReference; lastKnownFileType = folder.assetcatalog; path = Images.xcassets; sourceTree = "<group>"; };
		1BE58635196278EE00B2F910 /* View SwitcherTests.xctest */ = {isa = PBXFileReference; explicitFileType = wrapper.cfbundle; includeInIndex = 0; path = "View SwitcherTests.xctest"; sourceTree = BUILT_PRODUCTS_DIR; };
		1BE58636196278EE00B2F910 /* XCTest.framework */ = {isa = PBXFileReference; lastKnownFileType = wrapper.framework; name = XCTest.framework; path = Library/Frameworks/XCTest.framework; sourceTree = DEVELOPER_DIR; };
		1BE5863E196278EE00B2F910 /* View SwitcherTests-Info.plist */ = {isa = PBXFileReference; lastKnownFileType = text.plist.xml; path = "View SwitcherTests-Info.plist"; sourceTree = "<group>"; };
		1BE58640196278EE00B2F910 /* en */ = {isa = PBXFileReference; lastKnownFileType = text.plist.strings; name = en; path = en.lproj/InfoPlist.strings; sourceTree = "<group>"; };
		1BE58642196278EE00B2F910 /* View_SwitcherTests.m */ = {isa = PBXFileReference; lastKnownFileType = sourcecode.c.objc; path = View_SwitcherTests.m; sourceTree = "<group>"; };
		1BE5864C196279D200B2F910 /* WLJSwitchViewController.h */ = {isa = PBXFileReference; fileEncoding = 4; lastKnownFileType = sourcecode.c.h; path = WLJSwitchViewController.h; sourceTree = "<group>"; };
		1BE5864D196279D200B2F910 /* WLJSwitchViewController.m */ = {isa = PBXFileReference; fileEncoding = 4; lastKnownFileType = sourcecode.c.objc; path = WLJSwitchViewController.m; sourceTree = "<group>"; };
		1BE5864F19627A2900B2F910 /* WLJBlueViewController.h */ = {isa = PBXFileReference; fileEncoding = 4; lastKnownFileType = sourcecode.c.h; path = WLJBlueViewController.h; sourceTree = "<group>"; };
		1BE5865019627A2900B2F910 /* WLJBlueViewController.m */ = {isa = PBXFileReference; fileEncoding = 4; lastKnownFileType = sourcecode.c.objc; path = WLJBlueViewController.m; sourceTree = "<group>"; };
		1BE5865219627A3700B2F910 /* WLJYellowViewController.h */ = {isa = PBXFileReference; fileEncoding = 4; lastKnownFileType = sourcecode.c.h; name = WLJYellowViewController.h; path = ../WLJYellowViewController.h; sourceTree = "<group>"; };
		1BE5865319627A3700B2F910 /* WLJYellowViewController.m */ = {isa = PBXFileReference; fileEncoding = 4; lastKnownFileType = sourcecode.c.objc; name = WLJYellowViewController.m; path = ../WLJYellowViewController.m; sourceTree = "<group>"; };
		1BE5865519627A9900B2F910 /* SwitchView.xib */ = {isa = PBXFileReference; fileEncoding = 4; lastKnownFileType = file.xib; path = SwitchView.xib; sourceTree = "<group>"; };
		1BE5865719627AA700B2F910 /* BlueView.xib */ = {isa = PBXFileReference; fileEncoding = 4; lastKnownFileType = file.xib; path = BlueView.xib; sourceTree = "<group>"; };
		1BE5865919627AB700B2F910 /* YellowView.xib */ = {isa = PBXFileReference; fileEncoding = 4; lastKnownFileType = file.xib; path = YellowView.xib; sourceTree = "<group>"; };
/* End PBXFileReference section */

/* Begin PBXFrameworksBuildPhase section */
		1BE58617196278EE00B2F910 /* Frameworks */ = {
			isa = PBXFrameworksBuildPhase;
			buildActionMask = 2147483647;
			files = (
				1BE58620196278EE00B2F910 /* CoreGraphics.framework in Frameworks */,
				1BE58622196278EE00B2F910 /* UIKit.framework in Frameworks */,
				1BE5861E196278EE00B2F910 /* Foundation.framework in Frameworks */,
			);
			runOnlyForDeploymentPostprocessing = 0;
		};
		1BE58632196278EE00B2F910 /* Frameworks */ = {
			isa = PBXFrameworksBuildPhase;
			buildActionMask = 2147483647;
			files = (
				1BE58637196278EE00B2F910 /* XCTest.framework in Frameworks */,
				1BE58639196278EE00B2F910 /* UIKit.framework in Frameworks */,
				1BE58638196278EE00B2F910 /* Foundation.framework in Frameworks */,
			);
			runOnlyForDeploymentPostprocessing = 0;
		};
/* End PBXFrameworksBuildPhase section */

/* Begin PBXGroup section */
		1BE58611196278ED00B2F910 = {
			isa = PBXGroup;
			children = (
				1BE58623196278EE00B2F910 /* View Switcher */,
				1BE5863C196278EE00B2F910 /* View SwitcherTests */,
				1BE5861C196278EE00B2F910 /* Frameworks */,
				1BE5861B196278EE00B2F910 /* Products */,
			);
			sourceTree = "<group>";
		};
		1BE5861B196278EE00B2F910 /* Products */ = {
			isa = PBXGroup;
			children = (
				1BE5861A196278EE00B2F910 /* View Switcher.app */,
				1BE58635196278EE00B2F910 /* View SwitcherTests.xctest */,
			);
			name = Products;
			sourceTree = "<group>";
		};
		1BE5861C196278EE00B2F910 /* Frameworks */ = {
			isa = PBXGroup;
			children = (
				1BE5861D196278EE00B2F910 /* Foundation.framework */,
				1BE5861F196278EE00B2F910 /* CoreGraphics.framework */,
				1BE58621196278EE00B2F910 /* UIKit.framework */,
				1BE58636196278EE00B2F910 /* XCTest.framework */,
			);
			name = Frameworks;
			sourceTree = "<group>";
		};
		1BE58623196278EE00B2F910 /* View Switcher */ = {
			isa = PBXGroup;
			children = (
				1BE5862C196278EE00B2F910 /* WLJAppDelegate.h */,
				1BE5865319627A3700B2F910 /* WLJYellowViewController.m */,
				1BE5865219627A3700B2F910 /* WLJYellowViewController.h */,
				1BE5862D196278EE00B2F910 /* WLJAppDelegate.m */,
				1BE5862F196278EE00B2F910 /* Images.xcassets */,
				1BE5864C196279D200B2F910 /* WLJSwitchViewController.h */,
				1BE5864D196279D200B2F910 /* WLJSwitchViewController.m */,
				1BE5864F19627A2900B2F910 /* WLJBlueViewController.h */,
				1BE5865019627A2900B2F910 /* WLJBlueViewController.m */,
				1BE58624196278EE00B2F910 /* Supporting Files */,
				1BE5865519627A9900B2F910 /* SwitchView.xib */,
				1BE5865719627AA700B2F910 /* BlueView.xib */,
				1BE5865919627AB700B2F910 /* YellowView.xib */,
			);
			path = "View Switcher";
			sourceTree = "<group>";
		};
		1BE58624196278EE00B2F910 /* Supporting Files */ = {
			isa = PBXGroup;
			children = (
				1BE58625196278EE00B2F910 /* View Switcher-Info.plist */,
				1BE58626196278EE00B2F910 /* InfoPlist.strings */,
				1BE58629196278EE00B2F910 /* main.m */,
				1BE5862B196278EE00B2F910 /* View Switcher-Prefix.pch */,
			);
			name = "Supporting Files";
			sourceTree = "<group>";
		};
		1BE5863C196278EE00B2F910 /* View SwitcherTests */ = {
			isa = PBXGroup;
			children = (
				1BE58642196278EE00B2F910 /* View_SwitcherTests.m */,
				1BE5863D196278EE00B2F910 /* Supporting Files */,
			);
			path = "View SwitcherTests";
			sourceTree = "<group>";
		};
		1BE5863D196278EE00B2F910 /* Supporting Files */ = {
			isa = PBXGroup;
			children = (
				1BE5863E196278EE00B2F910 /* View SwitcherTests-Info.plist */,
				1BE5863F196278EE00B2F910 /* InfoPlist.strings */,
			);
			name = "Supporting Files";
			sourceTree = "<group>";
		};
/* End PBXGroup section */

/* Begin PBXNativeTarget section */
		1BE58619196278EE00B2F910 /* View Switcher */ = {
			isa = PBXNativeTarget;
			buildConfigurationList = 1BE58646196278EE00B2F910 /* Build configuration list for PBXNativeTarget "View Switcher" */;
			buildPhases = (
				1BE58616196278EE00B2F910 /* Sources */,
				1BE58617196278EE00B2F910 /* Frameworks */,
				1BE58618196278EE00B2F910 /* Resources */,
			);
			buildRules = (
			);
			dependencies = (
			);
			name = "View Switcher";
			productName = "View Switcher";
			productReference = 1BE5861A196278EE00B2F910 /* View Switcher.app */;
			productType = "com.apple.product-type.application";
		};
		1BE58634196278EE00B2F910 /* View SwitcherTests */ = {
			isa = PBXNativeTarget;
			buildConfigurationList = 1BE58649196278EE00B2F910 /* Build configuration list for PBXNativeTarget "View SwitcherTests" */;
			buildPhases = (
				1BE58631196278EE00B2F910 /* Sources */,
				1BE58632196278EE00B2F910 /* Frameworks */,
				1BE58633196278EE00B2F910 /* Resources */,
			);
			buildRules = (
			);
			dependencies = (
				1BE5863B196278EE00B2F910 /* PBXTargetDependency */,
			);
			name = "View SwitcherTests";
			productName = "View SwitcherTests";
			productReference = 1BE58635196278EE00B2F910 /* View SwitcherTests.xctest */;
			productType = "com.apple.product-type.bundle.unit-test";
		};
/* End PBXNativeTarget section */

/* Begin PBXProject section */
		1BE58612196278ED00B2F910 /* Project object */ = {
			isa = PBXProject;
			attributes = {
				CLASSPREFIX = WLJ;
				LastUpgradeCheck = 0510;
				ORGANIZATIONNAME = "___FULLUSERNAME___";
				TargetAttributes = {
					1BE58634196278EE00B2F910 = {
						TestTargetID = 1BE58619196278EE00B2F910;
					};
				};
			};
			buildConfigurationList = 1BE58615196278ED00B2F910 /* Build configuration list for PBXProject "View Switcher" */;
			compatibilityVersion = "Xcode 3.2";
			developmentRegion = English;
			hasScannedForEncodings = 0;
			knownRegions = (
				en,
			);
			mainGroup = 1BE58611196278ED00B2F910;
			productRefGroup = 1BE5861B196278EE00B2F910 /* Products */;
			projectDirPath = "";
			projectRoot = "";
			targets = (
				1BE58619196278EE00B2F910 /* View Switcher */,
				1BE58634196278EE00B2F910 /* View SwitcherTests */,
			);
		};
/* End PBXProject section */

/* Begin PBXResourcesBuildPhase section */
		1BE58618196278EE00B2F910 /* Resources */ = {
			isa = PBXResourcesBuildPhase;
			buildActionMask = 2147483647;
			files = (
				1BE5865A19627AB700B2F910 /* YellowView.xib in Resources */,
				1BE5865819627AA700B2F910 /* BlueView.xib in Resources */,
				1BE58628196278EE00B2F910 /* InfoPlist.strings in Resources */,
				1BE5865619627A9900B2F910 /* SwitchView.xib in Resources */,
				1BE58630196278EE00B2F910 /* Images.xcassets in Resources */,
			);
			runOnlyForDeploymentPostprocessing = 0;
		};
		1BE58633196278EE00B2F910 /* Resources */ = {
			isa = PBXResourcesBuildPhase;
			buildActionMask = 2147483647;
			files = (
				1BE58641196278EE00B2F910 /* InfoPlist.strings in Resources */,
			);
			runOnlyForDeploymentPostprocessing = 0;
		};
/* End PBXResourcesBuildPhase section */

/* Begin PBXSourcesBuildPhase section */
		1BE58616196278EE00B2F910 /* Sources */ = {
			isa = PBXSourcesBuildPhase;
			buildActionMask = 2147483647;
			files = (
				1BE5862E196278EE00B2F910 /* WLJAppDelegate.m in Sources */,
				1BE5865419627A3700B2F910 /* WLJYellowViewController.m in Sources */,
				1BE5862A196278EE00B2F910 /* main.m in Sources */,
				1BE5865119627A2900B2F910 /* WLJBlueViewController.m in Sources */,
				1BE5864E196279D200B2F910 /* WLJSwitchViewController.m in Sources */,
			);
			runOnlyForDeploymentPostprocessing = 0;
		};
		1BE58631196278EE00B2F910 /* Sources */ = {
			isa = PBXSourcesBuildPhase;
			buildActionMask = 2147483647;
			files = (
				1BE58643196278EE00B2F910 /* View_SwitcherTests.m in Sources */,
			);
			runOnlyForDeploymentPostprocessing = 0;
		};
/* End PBXSourcesBuildPhase section */

/* Begin PBXTargetDependency section */
		1BE5863B196278EE00B2F910 /* PBXTargetDependency */ = {
			isa = PBXTargetDependency;
			target = 1BE58619196278EE00B2F910 /* View Switcher */;
			targetProxy = 1BE5863A196278EE00B2F910 /* PBXContainerItemProxy */;
		};
/* End PBXTargetDependency section */

/* Begin PBXVariantGroup section */
		1BE58626196278EE00B2F910 /* InfoPlist.strings */ = {
			isa = PBXVariantGroup;
			children = (
				1BE58627196278EE00B2F910 /* en */,
			);
			name = InfoPlist.strings;
			sourceTree = "<group>";
		};
		1BE5863F196278EE00B2F910 /* InfoPlist.strings */ = {
			isa = PBXVariantGroup;
			children = (
				1BE58640196278EE00B2F910 /* en */,
			);
			name = InfoPlist.strings;
			sourceTree = "<group>";
		};
/* End PBXVariantGroup section */

/* Begin XCBuildConfiguration section */
		1BE58644196278EE00B2F910 /* Debug */ = {
			isa = XCBuildConfiguration;
			buildSettings = {
				ALWAYS_SEARCH_USER_PATHS = NO;
				CLANG_CXX_LANGUAGE_STANDARD = "gnu++0x";
				CLANG_CXX_LIBRARY = "libc++";
				CLANG_ENABLE_MODULES = YES;
				CLANG_ENABLE_OBJC_ARC = YES;
				CLANG_WARN_BOOL_CONVERSION = YES;
				CLANG_WARN_CONSTANT_CONVERSION = YES;
				CLANG_WARN_DIRECT_OBJC_ISA_USAGE = YES_ERROR;
				CLANG_WARN_EMPTY_BODY = YES;
				CLANG_WARN_ENUM_CONVERSION = YES;
				CLANG_WARN_INT_CONVERSION = YES;
				CLANG_WARN_OBJC_ROOT_CLASS = YES_ERROR;
				CLANG_WARN__DUPLICATE_METHOD_MATCH = YES;
				"CODE_SIGN_IDENTITY[sdk=iphoneos*]" = "iPhone Developer";
				COPY_PHASE_STRIP = NO;
				GCC_C_LANGUAGE_STANDARD = gnu99;
				GCC_DYNAMIC_NO_PIC = NO;
				GCC_OPTIMIZATION_LEVEL = 0;
				GCC_PREPROCESSOR_DEFINITIONS = (
					"DEBUG=1",
					"$(inherited)",
				);
				GCC_SYMBOLS_PRIVATE_EXTERN = NO;
				GCC_WARN_64_TO_32_BIT_CONVERSION = YES;
				GCC_WARN_ABOUT_RETURN_TYPE = YES_ERROR;
				GCC_WARN_UNDECLARED_SELECTOR = YES;
				GCC_WARN_UNINITIALIZED_AUTOS = YES_AGGRESSIVE;
				GCC_WARN_UNUSED_FUNCTION = YES;
				GCC_WARN_UNUSED_VARIABLE = YES;
				IPHONEOS_DEPLOYMENT_TARGET = 7.1;
				ONLY_ACTIVE_ARCH = YES;
				SDKROOT = iphoneos;
			};
			name = Debug;
		};
		1BE58645196278EE00B2F910 /* Release */ = {
			isa = XCBuildConfiguration;
			buildSettings = {
				ALWAYS_SEARCH_USER_PATHS = NO;
				CLANG_CXX_LANGUAGE_STANDARD = "gnu++0x";
				CLANG_CXX_LIBRARY = "libc++";
				CLANG_ENABLE_MODULES = YES;
				CLANG_ENABLE_OBJC_ARC = YES;
				CLANG_WARN_BOOL_CONVERSION = YES;
				CLANG_WARN_CONSTANT_CONVERSION = YES;
				CLANG_WARN_DIRECT_OBJC_ISA_USAGE = YES_ERROR;
				CLANG_WARN_EMPTY_BODY = YES;
				CLANG_WARN_ENUM_CONVERSION = YES;
				CLANG_WARN_INT_CONVERSION = YES;
				CLANG_WARN_OBJC_ROOT_CLASS = YES_ERROR;
				CLANG_WARN__DUPLICATE_METHOD_MATCH = YES;
				"CODE_SIGN_IDENTITY[sdk=iphoneos*]" = "iPhone Developer";
				COPY_PHASE_STRIP = YES;
				ENABLE_NS_ASSERTIONS = NO;
				GCC_C_LANGUAGE_STANDARD = gnu99;
				GCC_WARN_64_TO_32_BIT_CONVERSION = YES;
				GCC_WARN_ABOUT_RETURN_TYPE = YES_ERROR;
				GCC_WARN_UNDECLARED_SELECTOR = YES;
				GCC_WARN_UNINITIALIZED_AUTOS = YES_AGGRESSIVE;
				GCC_WARN_UNUSED_FUNCTION = YES;
				GCC_WARN_UNUSED_VARIABLE = YES;
				IPHONEOS_DEPLOYMENT_TARGET = 7.1;
				SDKROOT = iphoneos;
				VALIDATE_PRODUCT = YES;
			};
			name = Release;
		};
		1BE58647196278EE00B2F910 /* Debug */ = {
			isa = XCBuildConfiguration;
			buildSettings = {
				ASSETCATALOG_COMPILER_APPICON_NAME = AppIcon;
				ASSETCATALOG_COMPILER_LAUNCHIMAGE_NAME = LaunchImage;
				GCC_PRECOMPILE_PREFIX_HEADER = YES;
				GCC_PREFIX_HEADER = "View Switcher/View Switcher-Prefix.pch";
				INFOPLIST_FILE = "View Switcher/View Switcher-Info.plist";
				PRODUCT_NAME = "$(TARGET_NAME)";
				WRAPPER_EXTENSION = app;
			};
			name = Debug;
		};
		1BE58648196278EE00B2F910 /* Release */ = {
			isa = XCBuildConfiguration;
			buildSettings = {
				ASSETCATALOG_COMPILER_APPICON_NAME = AppIcon;
				ASSETCATALOG_COMPILER_LAUNCHIMAGE_NAME = LaunchImage;
				GCC_PRECOMPILE_PREFIX_HEADER = YES;
				GCC_PREFIX_HEADER = "View Switcher/View Switcher-Prefix.pch";
				INFOPLIST_FILE = "View Switcher/View Switcher-Info.plist";
				PRODUCT_NAME = "$(TARGET_NAME)";
				WRAPPER_EXTENSION = app;
			};
			name = Release;
		};
		1BE5864A196278EE00B2F910 /* Debug */ = {
			isa = XCBuildConfiguration;
			buildSettings = {
				BUNDLE_LOADER = "$(BUILT_PRODUCTS_DIR)/View Switcher.app/View Switcher";
				FRAMEWORK_SEARCH_PATHS = (
					"$(SDKROOT)/Developer/Library/Frameworks",
					"$(inherited)",
					"$(DEVELOPER_FRAMEWORKS_DIR)",
				);
				GCC_PRECOMPILE_PREFIX_HEADER = YES;
				GCC_PREFIX_HEADER = "View Switcher/View Switcher-Prefix.pch";
				GCC_PREPROCESSOR_DEFINITIONS = (
					"DEBUG=1",
					"$(inherited)",
				);
				INFOPLIST_FILE = "View SwitcherTests/View SwitcherTests-Info.plist";
				PRODUCT_NAME = "$(TARGET_NAME)";
				TEST_HOST = "$(BUNDLE_LOADER)";
				WRAPPER_EXTENSION = xctest;
			};
			name = Debug;
		};
		1BE5864B196278EE00B2F910 /* Release */ = {
			isa = XCBuildConfiguration;
			buildSettings = {
				BUNDLE_LOADER = "$(BUILT_PRODUCTS_DIR)/View Switcher.app/View Switcher";
				FRAMEWORK_SEARCH_PATHS = (
					"$(SDKROOT)/Developer/Library/Frameworks",
					"$(inherited)",
					"$(DEVELOPER_FRAMEWORKS_DIR)",
				);
				GCC_PRECOMPILE_PREFIX_HEADER = YES;
				GCC_PREFIX_HEADER = "View Switcher/View Switcher-Prefix.pch";
				INFOPLIST_FILE = "View SwitcherTests/View SwitcherTests-Info.plist";
				PRODUCT_NAME = "$(TARGET_NAME)";
				TEST_HOST = "$(BUNDLE_LOADER)";
				WRAPPER_EXTENSION = xctest;
			};
			name = Release;
		};
/* End XCBuildConfiguration section */

/* Begin XCConfigurationList section */
		1BE58615196278ED00B2F910 /* Build configuration list for PBXProject "View Switcher" */ = {
			isa = XCConfigurationList;
			buildConfigurations = (
				1BE58644196278EE00B2F910 /* Debug */,
				1BE58645196278EE00B2F910 /* Release */,
			);
			defaultConfigurationIsVisible = 0;
			defaultConfigurationName = Release;
		};
		1BE58646196278EE00B2F910 /* Build configuration list for PBXNativeTarget "View Switcher" */ = {
			isa = XCConfigurationList;
			buildConfigurations = (
				1BE58647196278EE00B2F910 /* Debug */,
				1BE58648196278EE00B2F910 /* Release */,
			);
			defaultConfigurationIsVisible = 0;
		};
		1BE58649196278EE00B2F910 /* Build configuration list for PBXNativeTarget "View SwitcherTests" */ = {
			isa = XCConfigurationList;
			buildConfigurations = (
				1BE5864A196278EE00B2F910 /* Debug */,
				1BE5864B196278EE00B2F910 /* Release */,
			);
			defaultConfigurationIsVisible = 0;
		};
/* End XCConfigurationList section */
	};
	rootObject = 1BE58612196278ED00B2F910 /* Project object */;
}
